
Microsoft Visual Studio Solution File, Format Version 12.00
# Visual Studio Version 16
VisualStudioVersion = 16.0.29403.142
MinimumVisualStudioVersion = 10.0.40219.1
Project("{FAE04EC0-301F-11D3-BF4B-00C04F79EFBC}") = "P0030481921013", "P0030481921013\P0030481921013.csproj", "{45E46D3E-258F-4E98-9EDC-3713125FB89D}"
EndProject
Global
	GlobalSection(SolutionConfigurationPlatforms) = preSolution
		Debug|Any CPU = Debug|Any CPU
		Release|Any CPU = Release|Any CPU
	EndGlobalSection
	GlobalSection(ProjectConfigurationPlatforms) = postSolution
		{45E46D3E-258F-4E98-9EDC-3713125FB89D}.Debug|Any CPU.ActiveCfg = Debug|Any CPU
		{45E46D3E-258F-4E98-9EDC-3713125FB89D}.Debug|Any CPU.Build.0 = Debug|Any CPU
		{45E46D3E-258F-4E98-9EDC-3713125FB89D}.Release|Any CPU.ActiveCfg = Release|Any CPU
		{45E46D3E-258F-4E98-9EDC-3713125FB89D}.Release|Any CPU.Build.0 = Release|Any CPU
	EndGlobalSection
	GlobalSection(SolutionProperties) = preSolution
		HideSolutionNode = FALSE
	EndGlobalSection
	GlobalSection(ExtensibilityGlobals) = postSolution
		SolutionGuid = {149C0B2B-F302-4178-BF2A-E7761DEEBD7D}
	EndGlobalSection
EndGlobal
