
Microsoft Visual Studio Solution File, Format Version 12.00
# Visual Studio Version 16
VisualStudioVersion = 16.0.29403.142
MinimumVisualStudioVersion = 10.0.40219.1
Project("{FAE04EC0-301F-11D3-BF4B-00C04F79EFBC}") = "Atividade3_Triangulo", "Atividade3_Triangulo\Atividade3_Triangulo.csproj", "{3D96E795-A755-497D-857D-10D2F1876106}"
EndProject
Global
	GlobalSection(SolutionConfigurationPlatforms) = preSolution
		Debug|Any CPU = Debug|Any CPU
		Release|Any CPU = Release|Any CPU
	EndGlobalSection
	GlobalSection(ProjectConfigurationPlatforms) = postSolution
		{3D96E795-A755-497D-857D-10D2F1876106}.Debug|Any CPU.ActiveCfg = Debug|Any CPU
		{3D96E795-A755-497D-857D-10D2F1876106}.Debug|Any CPU.Build.0 = Debug|Any CPU
		{3D96E795-A755-497D-857D-10D2F1876106}.Release|Any CPU.ActiveCfg = Release|Any CPU
		{3D96E795-A755-497D-857D-10D2F1876106}.Release|Any CPU.Build.0 = Release|Any CPU
	EndGlobalSection
	GlobalSection(SolutionProperties) = preSolution
		HideSolutionNode = FALSE
	EndGlobalSection
	GlobalSection(ExtensibilityGlobals) = postSolution
		SolutionGuid = {45410BCD-97BE-4115-8A3C-FC167C738587}
	EndGlobalSection
EndGlobal
