
Microsoft Visual Studio Solution File, Format Version 12.00
# Visual Studio Version 16
VisualStudioVersion = 16.0.29403.142
MinimumVisualStudioVersion = 10.0.40219.1
Project("{FAE04EC0-301F-11D3-BF4B-00C04F79EFBC}") = "CalculadoraPesoIdeal", "CalculadoraPesoIdeal\CalculadoraPesoIdeal.csproj", "{03262D17-4993-46BC-BB70-0A6FDCEB634F}"
EndProject
Global
	GlobalSection(SolutionConfigurationPlatforms) = preSolution
		Debug|Any CPU = Debug|Any CPU
		Release|Any CPU = Release|Any CPU
	EndGlobalSection
	GlobalSection(ProjectConfigurationPlatforms) = postSolution
		{03262D17-4993-46BC-BB70-0A6FDCEB634F}.Debug|Any CPU.ActiveCfg = Debug|Any CPU
		{03262D17-4993-46BC-BB70-0A6FDCEB634F}.Debug|Any CPU.Build.0 = Debug|Any CPU
		{03262D17-4993-46BC-BB70-0A6FDCEB634F}.Release|Any CPU.ActiveCfg = Release|Any CPU
		{03262D17-4993-46BC-BB70-0A6FDCEB634F}.Release|Any CPU.Build.0 = Release|Any CPU
	EndGlobalSection
	GlobalSection(SolutionProperties) = preSolution
		HideSolutionNode = FALSE
	EndGlobalSection
	GlobalSection(ExtensibilityGlobals) = postSolution
		SolutionGuid = {0637BD69-6E75-4370-B32D-EEE381765485}
	EndGlobalSection
EndGlobal
